
Microsoft Visual Studio Solution File, Format Version 12.00
# Visual Studio 15
VisualStudioVersion = 15.0.28010.2036
MinimumVisualStudioVersion = 10.0.40219.1
Project("{FAE04EC0-301F-11D3-BF4B-00C04F79EFBC}") = "HeapPrograms", "HeapPrograms\HeapPrograms.csproj", "{4E00F77A-5CD7-4C2D-A864-D648DD59728D}"
EndProject
Global
	GlobalSection(SolutionConfigurationPlatforms) = preSolution
		Debug|Any CPU = Debug|Any CPU
		Release|Any CPU = Release|Any CPU
	EndGlobalSection
	GlobalSection(ProjectConfigurationPlatforms) = postSolution
		{4E00F77A-5CD7-4C2D-A864-D648DD59728D}.Debug|Any CPU.ActiveCfg = Debug|Any CPU
		{4E00F77A-5CD7-4C2D-A864-D648DD59728D}.Debug|Any CPU.Build.0 = Debug|Any CPU
		{4E00F77A-5CD7-4C2D-A864-D648DD59728D}.Release|Any CPU.ActiveCfg = Release|Any CPU
		{4E00F77A-5CD7-4C2D-A864-D648DD59728D}.Release|Any CPU.Build.0 = Release|Any CPU
	EndGlobalSection
	GlobalSection(SolutionProperties) = preSolution
		HideSolutionNode = FALSE
	EndGlobalSection
	GlobalSection(ExtensibilityGlobals) = postSolution
		SolutionGuid = {9336BAA1-8882-4728-A49F-EAC7CE3DA280}
	EndGlobalSection
EndGlobal
